// !$*UTF8*$!
{
	archiveVersion = 1;
	classes = {
	};
	objectVersion = 56;
	objects = {

/* Begin PBXBuildFile section */
		CD5974762921BB010007A9EA /* Title.swift in Sources */ = {isa = PBXBuildFile; fileRef = CD5974752921BB010007A9EA /* Title.swift */; };
		CD5974782921BCAA0007A9EA /* Header.swift in Sources */ = {isa = PBXBuildFile; fileRef = CD5974772921BCAA0007A9EA /* Header.swift */; };
		CDAB53D3291EF2BA006E260F /* TodoListApp.swift in Sources */ = {isa = PBXBuildFile; fileRef = CDAB53D2291EF2BA006E260F /* TodoListApp.swift */; };
		CDAB53D5291EF2BA006E260F /* Page.swift in Sources */ = {isa = PBXBuildFile; fileRef = CDAB53D4291EF2BA006E260F /* Page.swift */; };
		CDAB53D7291EF2BB006E260F /* Assets.xcassets in Resources */ = {isa = PBXBuildFile; fileRef = CDAB53D6291EF2BB006E260F /* Assets.xcassets */; };
		CDAB53DA291EF2BB006E260F /* Preview Assets.xcassets in Resources */ = {isa = PBXBuildFile; fileRef = CDAB53D9291EF2BB006E260F /* Preview Assets.xcassets */; };
		CDAB53E1291FF2D3006E260F /* ViewModel.swift in Sources */ = {isa = PBXBuildFile; fileRef = CDAB53E0291FF2D3006E260F /* ViewModel.swift */; };
		CDDD19E72921C09200F7D8DC /* Checkmark.swift in Sources */ = {isa = PBXBuildFile; fileRef = CDDD19E62921C09200F7D8DC /* Checkmark.swift */; };
		CDDD19E92921C14500F7D8DC /* TaskText.swift in Sources */ = {isa = PBXBuildFile; fileRef = CDDD19E82921C14500F7D8DC /* TaskText.swift */; };
		CDDD19EB2921C27200F7D8DC /* DeleteTaskButton.swift in Sources */ = {isa = PBXBuildFile; fileRef = CDDD19EA2921C27200F7D8DC /* DeleteTaskButton.swift */; };
		CDDD19ED292228D900F7D8DC /* Task.swift in Sources */ = {isa = PBXBuildFile; fileRef = CDDD19EC292228D900F7D8DC /* Task.swift */; };
		CDDD19EF29222D8E00F7D8DC /* Modal.swift in Sources */ = {isa = PBXBuildFile; fileRef = CDDD19EE29222D8E00F7D8DC /* Modal.swift */; };
/* End PBXBuildFile section */

/* Begin PBXFileReference section */
		CD5974752921BB010007A9EA /* Title.swift */ = {isa = PBXFileReference; lastKnownFileType = sourcecode.swift; path = Title.swift; sourceTree = "<group>"; };
		CD5974772921BCAA0007A9EA /* Header.swift */ = {isa = PBXFileReference; lastKnownFileType = sourcecode.swift; path = Header.swift; sourceTree = "<group>"; };
		CDAB53CF291EF2BA006E260F /* TodoList.app */ = {isa = PBXFileReference; explicitFileType = wrapper.application; includeInIndex = 0; path = TodoList.app; sourceTree = BUILT_PRODUCTS_DIR; };
		CDAB53D2291EF2BA006E260F /* TodoListApp.swift */ = {isa = PBXFileReference; lastKnownFileType = sourcecode.swift; path = TodoListApp.swift; sourceTree = "<group>"; };
		CDAB53D4291EF2BA006E260F /* Page.swift */ = {isa = PBXFileReference; lastKnownFileType = sourcecode.swift; path = Page.swift; sourceTree = "<group>"; };
		CDAB53D6291EF2BB006E260F /* Assets.xcassets */ = {isa = PBXFileReference; lastKnownFileType = folder.assetcatalog; path = Assets.xcassets; sourceTree = "<group>"; };
		CDAB53D9291EF2BB006E260F /* Preview Assets.xcassets */ = {isa = PBXFileReference; lastKnownFileType = folder.assetcatalog; path = "Preview Assets.xcassets"; sourceTree = "<group>"; };
		CDAB53E0291FF2D3006E260F /* ViewModel.swift */ = {isa = PBXFileReference; lastKnownFileType = sourcecode.swift; path = ViewModel.swift; sourceTree = "<group>"; };
		CDDD19E62921C09200F7D8DC /* Checkmark.swift */ = {isa = PBXFileReference; lastKnownFileType = sourcecode.swift; path = Checkmark.swift; sourceTree = "<group>"; };
		CDDD19E82921C14500F7D8DC /* TaskText.swift */ = {isa = PBXFileReference; lastKnownFileType = sourcecode.swift; path = TaskText.swift; sourceTree = "<group>"; };
		CDDD19EA2921C27200F7D8DC /* DeleteTaskButton.swift */ = {isa = PBXFileReference; lastKnownFileType = sourcecode.swift; path = DeleteTaskButton.swift; sourceTree = "<group>"; };
		CDDD19EC292228D900F7D8DC /* Task.swift */ = {isa = PBXFileReference; lastKnownFileType = sourcecode.swift; path = Task.swift; sourceTree = "<group>"; };
		CDDD19EE29222D8E00F7D8DC /* Modal.swift */ = {isa = PBXFileReference; lastKnownFileType = sourcecode.swift; path = Modal.swift; sourceTree = "<group>"; };
/* End PBXFileReference section */

/* Begin PBXFrameworksBuildPhase section */
		CDAB53CC291EF2BA006E260F /* Frameworks */ = {
			isa = PBXFrameworksBuildPhase;
			buildActionMask = 2147483647;
			files = (
			);
			runOnlyForDeploymentPostprocessing = 0;
		};
/* End PBXFrameworksBuildPhase section */

/* Begin PBXGroup section */
		CD5974732921BA300007A9EA /* Page */ = {
			isa = PBXGroup;
			children = (
				CD5974742921BAE50007A9EA /* Components */,
				CDAB53D4291EF2BA006E260F /* Page.swift */,
				CDDD19EE29222D8E00F7D8DC /* Modal.swift */,
				CDAB53E0291FF2D3006E260F /* ViewModel.swift */,
			);
			path = Page;
			sourceTree = "<group>";
		};
		CD5974742921BAE50007A9EA /* Components */ = {
			isa = PBXGroup;
			children = (
				CD5974752921BB010007A9EA /* Title.swift */,
				CD5974772921BCAA0007A9EA /* Header.swift */,
				CDDD19E62921C09200F7D8DC /* Checkmark.swift */,
				CDDD19E82921C14500F7D8DC /* TaskText.swift */,
				CDDD19EA2921C27200F7D8DC /* DeleteTaskButton.swift */,
				CDDD19EC292228D900F7D8DC /* Task.swift */,
			);
			path = Components;
			sourceTree = "<group>";
		};
		CDAB53C6291EF2BA006E260F = {
			isa = PBXGroup;
			children = (
				CDAB53D1291EF2BA006E260F /* TodoList */,
				CDAB53D0291EF2BA006E260F /* Products */,
			);
			sourceTree = "<group>";
		};
		CDAB53D0291EF2BA006E260F /* Products */ = {
			isa = PBXGroup;
			children = (
				CDAB53CF291EF2BA006E260F /* TodoList.app */,
			);
			name = Products;
			sourceTree = "<group>";
		};
		CDAB53D1291EF2BA006E260F /* TodoList */ = {
			isa = PBXGroup;
			children = (
				CD5974732921BA300007A9EA /* Page */,
				CDAB53D2291EF2BA006E260F /* TodoListApp.swift */,
				CDAB53D6291EF2BB006E260F /* Assets.xcassets */,
				CDAB53D8291EF2BB006E260F /* Preview Content */,
			);
			path = TodoList;
			sourceTree = "<group>";
		};
		CDAB53D8291EF2BB006E260F /* Preview Content */ = {
			isa = PBXGroup;
			children = (
				CDAB53D9291EF2BB006E260F /* Preview Assets.xcassets */,
			);
			path = "Preview Content";
			sourceTree = "<group>";
		};
/* End PBXGroup section */

/* Begin PBXNativeTarget section */
		CDAB53CE291EF2BA006E260F /* TodoList */ = {
			isa = PBXNativeTarget;
			buildConfigurationList = CDAB53DD291EF2BB006E260F /* Build configuration list for PBXNativeTarget "TodoList" */;
			buildPhases = (
				CDAB53CB291EF2BA006E260F /* Sources */,
				CDAB53CC291EF2BA006E260F /* Frameworks */,
				CDAB53CD291EF2BA006E260F /* Resources */,
			);
			buildRules = (
			);
			dependencies = (
			);
			name = TodoList;
			productName = TodoList;
			productReference = CDAB53CF291EF2BA006E260F /* TodoList.app */;
			productType = "com.apple.product-type.application";
		};
/* End PBXNativeTarget section */

/* Begin PBXProject section */
		CDAB53C7291EF2BA006E260F /* Project object */ = {
			isa = PBXProject;
			attributes = {
				BuildIndependentTargetsInParallel = 1;
				LastSwiftUpdateCheck = 1410;
				LastUpgradeCheck = 1410;
				TargetAttributes = {
					CDAB53CE291EF2BA006E260F = {
						CreatedOnToolsVersion = 14.1;
					};
				};
			};
			buildConfigurationList = CDAB53CA291EF2BA006E260F /* Build configuration list for PBXProject "TodoList" */;
			compatibilityVersion = "Xcode 14.0";
			developmentRegion = en;
			hasScannedForEncodings = 0;
			knownRegions = (
				en,
				Base,
			);
			mainGroup = CDAB53C6291EF2BA006E260F;
			productRefGroup = CDAB53D0291EF2BA006E260F /* Products */;
			projectDirPath = "";
			projectRoot = "";
			targets = (
				CDAB53CE291EF2BA006E260F /* TodoList */,
			);
		};
/* End PBXProject section */

/* Begin PBXResourcesBuildPhase section */
		CDAB53CD291EF2BA006E260F /* Resources */ = {
			isa = PBXResourcesBuildPhase;
			buildActionMask = 2147483647;
			files = (
				CDAB53DA291EF2BB006E260F /* Preview Assets.xcassets in Resources */,
				CDAB53D7291EF2BB006E260F /* Assets.xcassets in Resources */,
			);
			runOnlyForDeploymentPostprocessing = 0;
		};
/* End PBXResourcesBuildPhase section */

/* Begin PBXSourcesBuildPhase section */
		CDAB53CB291EF2BA006E260F /* Sources */ = {
			isa = PBXSourcesBuildPhase;
			buildActionMask = 2147483647;
			files = (
				CD5974782921BCAA0007A9EA /* Header.swift in Sources */,
				CDDD19EF29222D8E00F7D8DC /* Modal.swift in Sources */,
				CD5974762921BB010007A9EA /* Title.swift in Sources */,
				CDAB53D5291EF2BA006E260F /* Page.swift in Sources */,
				CDDD19EB2921C27200F7D8DC /* DeleteTaskButton.swift in Sources */,
				CDDD19E72921C09200F7D8DC /* Checkmark.swift in Sources */,
				CDAB53D3291EF2BA006E260F /* TodoListApp.swift in Sources */,
				CDDD19E92921C14500F7D8DC /* TaskText.swift in Sources */,
				CDDD19ED292228D900F7D8DC /* Task.swift in Sources */,
				CDAB53E1291FF2D3006E260F /* ViewModel.swift in Sources */,
			);
			runOnlyForDeploymentPostprocessing = 0;
		};
/* End PBXSourcesBuildPhase section */

/* Begin XCBuildConfiguration section */
		CDAB53DB291EF2BB006E260F /* Debug */ = {
			isa = XCBuildConfiguration;
			buildSettings = {
				ALWAYS_SEARCH_USER_PATHS = NO;
				CLANG_ANALYZER_NONNULL = YES;
				CLANG_ANALYZER_NUMBER_OBJECT_CONVERSION = YES_AGGRESSIVE;
				CLANG_CXX_LANGUAGE_STANDARD = "gnu++20";
				CLANG_ENABLE_MODULES = YES;
				CLANG_ENABLE_OBJC_ARC = YES;
				CLANG_ENABLE_OBJC_WEAK = YES;
				CLANG_WARN_BLOCK_CAPTURE_AUTORELEASING = YES;
				CLANG_WARN_BOOL_CONVERSION = YES;
				CLANG_WARN_COMMA = YES;
				CLANG_WARN_CONSTANT_CONVERSION = YES;
				CLANG_WARN_DEPRECATED_OBJC_IMPLEMENTATIONS = YES;
				CLANG_WARN_DIRECT_OBJC_ISA_USAGE = YES_ERROR;
				CLANG_WARN_DOCUMENTATION_COMMENTS = YES;
				CLANG_WARN_EMPTY_BODY = YES;
				CLANG_WARN_ENUM_CONVERSION = YES;
				CLANG_WARN_INFINITE_RECURSION = YES;
				CLANG_WARN_INT_CONVERSION = YES;
				CLANG_WARN_NON_LITERAL_NULL_CONVERSION = YES;
				CLANG_WARN_OBJC_IMPLICIT_RETAIN_SELF = YES;
				CLANG_WARN_OBJC_LITERAL_CONVERSION = YES;
				CLANG_WARN_OBJC_ROOT_CLASS = YES_ERROR;
				CLANG_WARN_QUOTED_INCLUDE_IN_FRAMEWORK_HEADER = YES;
				CLANG_WARN_RANGE_LOOP_ANALYSIS = YES;
				CLANG_WARN_STRICT_PROTOTYPES = YES;
				CLANG_WARN_SUSPICIOUS_MOVE = YES;
				CLANG_WARN_UNGUARDED_AVAILABILITY = YES_AGGRESSIVE;
				CLANG_WARN_UNREACHABLE_CODE = YES;
				CLANG_WARN__DUPLICATE_METHOD_MATCH = YES;
				COPY_PHASE_STRIP = NO;
				DEBUG_INFORMATION_FORMAT = dwarf;
				ENABLE_STRICT_OBJC_MSGSEND = YES;
				ENABLE_TESTABILITY = YES;
				GCC_C_LANGUAGE_STANDARD = gnu11;
				GCC_DYNAMIC_NO_PIC = NO;
				GCC_NO_COMMON_BLOCKS = YES;
				GCC_OPTIMIZATION_LEVEL = 0;
				GCC_PREPROCESSOR_DEFINITIONS = (
					"DEBUG=1",
					"$(inherited)",
				);
				GCC_WARN_64_TO_32_BIT_CONVERSION = YES;
				GCC_WARN_ABOUT_RETURN_TYPE = YES_ERROR;
				GCC_WARN_UNDECLARED_SELECTOR = YES;
				GCC_WARN_UNINITIALIZED_AUTOS = YES_AGGRESSIVE;
				GCC_WARN_UNUSED_FUNCTION = YES;
				GCC_WARN_UNUSED_VARIABLE = YES;
				IPHONEOS_DEPLOYMENT_TARGET = 16.1;
				MTL_ENABLE_DEBUG_INFO = INCLUDE_SOURCE;
				MTL_FAST_MATH = YES;
				ONLY_ACTIVE_ARCH = YES;
				SDKROOT = iphoneos;
				SWIFT_ACTIVE_COMPILATION_CONDITIONS = DEBUG;
				SWIFT_OPTIMIZATION_LEVEL = "-Onone";
			};
			name = Debug;
		};
		CDAB53DC291EF2BB006E260F /* Release */ = {
			isa = XCBuildConfiguration;
			buildSettings = {
				ALWAYS_SEARCH_USER_PATHS = NO;
				CLANG_ANALYZER_NONNULL = YES;
				CLANG_ANALYZER_NUMBER_OBJECT_CONVERSION = YES_AGGRESSIVE;
				CLANG_CXX_LANGUAGE_STANDARD = "gnu++20";
				CLANG_ENABLE_MODULES = YES;
				CLANG_ENABLE_OBJC_ARC = YES;
				CLANG_ENABLE_OBJC_WEAK = YES;
				CLANG_WARN_BLOCK_CAPTURE_AUTORELEASING = YES;
				CLANG_WARN_BOOL_CONVERSION = YES;
				CLANG_WARN_COMMA = YES;
				CLANG_WARN_CONSTANT_CONVERSION = YES;
				CLANG_WARN_DEPRECATED_OBJC_IMPLEMENTATIONS = YES;
				CLANG_WARN_DIRECT_OBJC_ISA_USAGE = YES_ERROR;
				CLANG_WARN_DOCUMENTATION_COMMENTS = YES;
				CLANG_WARN_EMPTY_BODY = YES;
				CLANG_WARN_ENUM_CONVERSION = YES;
				CLANG_WARN_INFINITE_RECURSION = YES;
				CLANG_WARN_INT_CONVERSION = YES;
				CLANG_WARN_NON_LITERAL_NULL_CONVERSION = YES;
				CLANG_WARN_OBJC_IMPLICIT_RETAIN_SELF = YES;
				CLANG_WARN_OBJC_LITERAL_CONVERSION = YES;
				CLANG_WARN_OBJC_ROOT_CLASS = YES_ERROR;
				CLANG_WARN_QUOTED_INCLUDE_IN_FRAMEWORK_HEADER = YES;
				CLANG_WARN_RANGE_LOOP_ANALYSIS = YES;
				CLANG_WARN_STRICT_PROTOTYPES = YES;
				CLANG_WARN_SUSPICIOUS_MOVE = YES;
				CLANG_WARN_UNGUARDED_AVAILABILITY = YES_AGGRESSIVE;
				CLANG_WARN_UNREACHABLE_CODE = YES;
				CLANG_WARN__DUPLICATE_METHOD_MATCH = YES;
				COPY_PHASE_STRIP = NO;
				DEBUG_INFORMATION_FORMAT = "dwarf-with-dsym";
				ENABLE_NS_ASSERTIONS = NO;
				ENABLE_STRICT_OBJC_MSGSEND = YES;
				GCC_C_LANGUAGE_STANDARD = gnu11;
				GCC_NO_COMMON_BLOCKS = YES;
				GCC_WARN_64_TO_32_BIT_CONVERSION = YES;
				GCC_WARN_ABOUT_RETURN_TYPE = YES_ERROR;
				GCC_WARN_UNDECLARED_SELECTOR = YES;
				GCC_WARN_UNINITIALIZED_AUTOS = YES_AGGRESSIVE;
				GCC_WARN_UNUSED_FUNCTION = YES;
				GCC_WARN_UNUSED_VARIABLE = YES;
				IPHONEOS_DEPLOYMENT_TARGET = 16.1;
				MTL_ENABLE_DEBUG_INFO = NO;
				MTL_FAST_MATH = YES;
				SDKROOT = iphoneos;
				SWIFT_COMPILATION_MODE = wholemodule;
				SWIFT_OPTIMIZATION_LEVEL = "-O";
				VALIDATE_PRODUCT = YES;
			};
			name = Release;
		};
		CDAB53DE291EF2BB006E260F /* Debug */ = {
			isa = XCBuildConfiguration;
			buildSettings = {
				ASSETCATALOG_COMPILER_APPICON_NAME = AppIcon;
				ASSETCATALOG_COMPILER_GLOBAL_ACCENT_COLOR_NAME = AccentColor;
				CODE_SIGN_STYLE = Automatic;
				CURRENT_PROJECT_VERSION = 1;
				DEVELOPMENT_ASSET_PATHS = "\"TodoList/Preview Content\"";
				DEVELOPMENT_TEAM = 57Z9KVXBQ7;
				ENABLE_PREVIEWS = YES;
				GENERATE_INFOPLIST_FILE = YES;
				INFOPLIST_KEY_UIApplicationSceneManifest_Generation = YES;
				INFOPLIST_KEY_UIApplicationSupportsIndirectInputEvents = YES;
				INFOPLIST_KEY_UILaunchScreen_Generation = YES;
				INFOPLIST_KEY_UISupportedInterfaceOrientations_iPad = "UIInterfaceOrientationPortrait UIInterfaceOrientationPortraitUpsideDown UIInterfaceOrientationLandscapeLeft UIInterfaceOrientationLandscapeRight";
				INFOPLIST_KEY_UISupportedInterfaceOrientations_iPhone = "UIInterfaceOrientationPortrait UIInterfaceOrientationLandscapeLeft UIInterfaceOrientationLandscapeRight";
				LD_RUNPATH_SEARCH_PATHS = (
					"$(inherited)",
					"@executable_path/Frameworks",
				);
				MARKETING_VERSION = 1.0;
				PRODUCT_BUNDLE_IDENTIFIER = Ricciard.TodoList;
				PRODUCT_NAME = "$(TARGET_NAME)";
				SWIFT_EMIT_LOC_STRINGS = YES;
				SWIFT_VERSION = 5.0;
				TARGETED_DEVICE_FAMILY = "1,2";
			};
			name = Debug;
		};
		CDAB53DF291EF2BB006E260F /* Release */ = {
			isa = XCBuildConfiguration;
			buildSettings = {
				ASSETCATALOG_COMPILER_APPICON_NAME = AppIcon;
				ASSETCATALOG_COMPILER_GLOBAL_ACCENT_COLOR_NAME = AccentColor;
				CODE_SIGN_STYLE = Automatic;
				CURRENT_PROJECT_VERSION = 1;
				DEVELOPMENT_ASSET_PATHS = "\"TodoList/Preview Content\"";
				DEVELOPMENT_TEAM = 57Z9KVXBQ7;
				ENABLE_PREVIEWS = YES;
				GENERATE_INFOPLIST_FILE = YES;
				INFOPLIST_KEY_UIApplicationSceneManifest_Generation = YES;
				INFOPLIST_KEY_UIApplicationSupportsIndirectInputEvents = YES;
				INFOPLIST_KEY_UILaunchScreen_Generation = YES;
				INFOPLIST_KEY_UISupportedInterfaceOrientations_iPad = "UIInterfaceOrientationPortrait UIInterfaceOrientationPortraitUpsideDown UIInterfaceOrientationLandscapeLeft UIInterfaceOrientationLandscapeRight";
				INFOPLIST_KEY_UISupportedInterfaceOrientations_iPhone = "UIInterfaceOrientationPortrait UIInterfaceOrientationLandscapeLeft UIInterfaceOrientationLandscapeRight";
				LD_RUNPATH_SEARCH_PATHS = (
					"$(inherited)",
					"@executable_path/Frameworks",
				);
				MARKETING_VERSION = 1.0;
				PRODUCT_BUNDLE_IDENTIFIER = Ricciard.TodoList;
				PRODUCT_NAME = "$(TARGET_NAME)";
				SWIFT_EMIT_LOC_STRINGS = YES;
				SWIFT_VERSION = 5.0;
				TARGETED_DEVICE_FAMILY = "1,2";
			};
			name = Release;
		};
/* End XCBuildConfiguration section */

/* Begin XCConfigurationList section */
		CDAB53CA291EF2BA006E260F /* Build configuration list for PBXProject "TodoList" */ = {
			isa = XCConfigurationList;
			buildConfigurations = (
				CDAB53DB291EF2BB006E260F /* Debug */,
				CDAB53DC291EF2BB006E260F /* Release */,
			);
			defaultConfigurationIsVisible = 0;
			defaultConfigurationName = Release;
		};
		CDAB53DD291EF2BB006E260F /* Build configuration list for PBXNativeTarget "TodoList" */ = {
			isa = XCConfigurationList;
			buildConfigurations = (
				CDAB53DE291EF2BB006E260F /* Debug */,
				CDAB53DF291EF2BB006E260F /* Release */,
			);
			defaultConfigurationIsVisible = 0;
			defaultConfigurationName = Release;
		};
/* End XCConfigurationList section */
	};
	rootObject = CDAB53C7291EF2BA006E260F /* Project object */;
}
